
Microsoft Visual Studio Solution File, Format Version 10.00
# Visual Studio 2008
Project("{F184B08F-C81C-45F6-A57F-5ABD9991F28F}") = "Оптимизация словаря даля", "Оптимизация словаря даля\Оптимизация словаря даля.vbproj", "{84FAF496-EF04-4BD1-9B70-1A9EE4E9E8D2}"
EndProject
Global
	GlobalSection(SolutionConfigurationPlatforms) = preSolution
		Debug|Any CPU = Debug|Any CPU
		Release|Any CPU = Release|Any CPU
	EndGlobalSection
	GlobalSection(ProjectConfigurationPlatforms) = postSolution
		{84FAF496-EF04-4BD1-9B70-1A9EE4E9E8D2}.Debug|Any CPU.ActiveCfg = Debug|Any CPU
		{84FAF496-EF04-4BD1-9B70-1A9EE4E9E8D2}.Debug|Any CPU.Build.0 = Debug|Any CPU
		{84FAF496-EF04-4BD1-9B70-1A9EE4E9E8D2}.Release|Any CPU.ActiveCfg = Release|Any CPU
		{84FAF496-EF04-4BD1-9B70-1A9EE4E9E8D2}.Release|Any CPU.Build.0 = Release|Any CPU
	EndGlobalSection
	GlobalSection(SolutionProperties) = preSolution
		HideSolutionNode = FALSE
	EndGlobalSection
EndGlobal
